// !$*UTF8*$!
{
	archiveVersion = 1;
	classes = {
	};
	objectVersion = 77;
	objects = {

/* Begin PBXBuildFile section */
		B23A9E1F2D83E8A8005D2D43 /* twitter-ad-blocker Extension.appex in Embed Foundation Extensions */ = {isa = PBXBuildFile; fileRef = B23A9E1E2D83E8A8005D2D43 /* twitter-ad-blocker Extension.appex */; settings = {ATTRIBUTES = (RemoveHeadersOnCopy, ); }; };
/* End PBXBuildFile section */

/* Begin PBXContainerItemProxy section */
		B23A9E092D83E8A8005D2D43 /* PBXContainerItemProxy */ = {
			isa = PBXContainerItemProxy;
			containerPortal = B23A9DE32D83E8A7005D2D43 /* Project object */;
			proxyType = 1;
			remoteGlobalIDString = B23A9DEA2D83E8A7005D2D43;
			remoteInfo = "twitter-ad-blocker";
		};
		B23A9E132D83E8A8005D2D43 /* PBXContainerItemProxy */ = {
			isa = PBXContainerItemProxy;
			containerPortal = B23A9DE32D83E8A7005D2D43 /* Project object */;
			proxyType = 1;
			remoteGlobalIDString = B23A9DEA2D83E8A7005D2D43;
			remoteInfo = "twitter-ad-blocker";
		};
		B23A9E202D83E8A8005D2D43 /* PBXContainerItemProxy */ = {
			isa = PBXContainerItemProxy;
			containerPortal = B23A9DE32D83E8A7005D2D43 /* Project object */;
			proxyType = 1;
			remoteGlobalIDString = B23A9E1D2D83E8A8005D2D43;
			remoteInfo = "twitter-ad-blocker Extension";
		};
/* End PBXContainerItemProxy section */

/* Begin PBXCopyFilesBuildPhase section */
		B23A9E3D2D83E8A8005D2D43 /* Embed Foundation Extensions */ = {
			isa = PBXCopyFilesBuildPhase;
			buildActionMask = 2147483647;
			dstPath = "";
			dstSubfolderSpec = 13;
			files = (
				B23A9E1F2D83E8A8005D2D43 /* twitter-ad-blocker Extension.appex in Embed Foundation Extensions */,
			);
			name = "Embed Foundation Extensions";
			runOnlyForDeploymentPostprocessing = 0;
		};
/* End PBXCopyFilesBuildPhase section */

/* Begin PBXFileReference section */
		B23A9DEB2D83E8A7005D2D43 /* twitter-ad-blocker.app */ = {isa = PBXFileReference; explicitFileType = wrapper.application; includeInIndex = 0; path = "twitter-ad-blocker.app"; sourceTree = BUILT_PRODUCTS_DIR; };
		B23A9E082D83E8A8005D2D43 /* twitter-ad-blockerTests.xctest */ = {isa = PBXFileReference; explicitFileType = wrapper.cfbundle; includeInIndex = 0; path = "twitter-ad-blockerTests.xctest"; sourceTree = BUILT_PRODUCTS_DIR; };
		B23A9E122D83E8A8005D2D43 /* twitter-ad-blockerUITests.xctest */ = {isa = PBXFileReference; explicitFileType = wrapper.cfbundle; includeInIndex = 0; path = "twitter-ad-blockerUITests.xctest"; sourceTree = BUILT_PRODUCTS_DIR; };
		B23A9E1E2D83E8A8005D2D43 /* twitter-ad-blocker Extension.appex */ = {isa = PBXFileReference; explicitFileType = "wrapper.app-extension"; includeInIndex = 0; path = "twitter-ad-blocker Extension.appex"; sourceTree = BUILT_PRODUCTS_DIR; };
/* End PBXFileReference section */

/* Begin PBXFileSystemSynchronizedBuildFileExceptionSet section */
		B23A9E382D83E8A8005D2D43 /* Exceptions for "twitter-ad-blocker" folder in "twitter-ad-blocker" target */ = {
			isa = PBXFileSystemSynchronizedBuildFileExceptionSet;
			membershipExceptions = (
				Info.plist,
			);
			target = B23A9DEA2D83E8A7005D2D43 /* twitter-ad-blocker */;
		};
		B23A9E3C2D83E8A8005D2D43 /* Exceptions for "twitter-ad-blocker Extension" folder in "twitter-ad-blocker Extension" target */ = {
			isa = PBXFileSystemSynchronizedBuildFileExceptionSet;
			membershipExceptions = (
				Info.plist,
			);
			target = B23A9E1D2D83E8A8005D2D43 /* twitter-ad-blocker Extension */;
		};
/* End PBXFileSystemSynchronizedBuildFileExceptionSet section */

/* Begin PBXFileSystemSynchronizedRootGroup section */
		B23A9DED2D83E8A7005D2D43 /* twitter-ad-blocker */ = {
			isa = PBXFileSystemSynchronizedRootGroup;
			exceptions = (
				B23A9E382D83E8A8005D2D43 /* Exceptions for "twitter-ad-blocker" folder in "twitter-ad-blocker" target */,
			);
			path = "twitter-ad-blocker";
			sourceTree = "<group>";
		};
		B23A9E0B2D83E8A8005D2D43 /* twitter-ad-blockerTests */ = {
			isa = PBXFileSystemSynchronizedRootGroup;
			path = "twitter-ad-blockerTests";
			sourceTree = "<group>";
		};
		B23A9E152D83E8A8005D2D43 /* twitter-ad-blockerUITests */ = {
			isa = PBXFileSystemSynchronizedRootGroup;
			path = "twitter-ad-blockerUITests";
			sourceTree = "<group>";
		};
		B23A9E222D83E8A8005D2D43 /* twitter-ad-blocker Extension */ = {
			isa = PBXFileSystemSynchronizedRootGroup;
			exceptions = (
				B23A9E3C2D83E8A8005D2D43 /* Exceptions for "twitter-ad-blocker Extension" folder in "twitter-ad-blocker Extension" target */,
			);
			explicitFolders = (
				Resources/_locales,
				Resources/images,
			);
			path = "twitter-ad-blocker Extension";
			sourceTree = "<group>";
		};
/* End PBXFileSystemSynchronizedRootGroup section */

/* Begin PBXFrameworksBuildPhase section */
		B23A9DE82D83E8A7005D2D43 /* Frameworks */ = {
			isa = PBXFrameworksBuildPhase;
			buildActionMask = 2147483647;
			files = (
			);
			runOnlyForDeploymentPostprocessing = 0;
		};
		B23A9E052D83E8A8005D2D43 /* Frameworks */ = {
			isa = PBXFrameworksBuildPhase;
			buildActionMask = 2147483647;
			files = (
			);
			runOnlyForDeploymentPostprocessing = 0;
		};
		B23A9E0F2D83E8A8005D2D43 /* Frameworks */ = {
			isa = PBXFrameworksBuildPhase;
			buildActionMask = 2147483647;
			files = (
			);
			runOnlyForDeploymentPostprocessing = 0;
		};
		B23A9E1B2D83E8A8005D2D43 /* Frameworks */ = {
			isa = PBXFrameworksBuildPhase;
			buildActionMask = 2147483647;
			files = (
			);
			runOnlyForDeploymentPostprocessing = 0;
		};
/* End PBXFrameworksBuildPhase section */

/* Begin PBXGroup section */
		B23A9DE22D83E8A7005D2D43 = {
			isa = PBXGroup;
			children = (
				B23A9DED2D83E8A7005D2D43 /* twitter-ad-blocker */,
				B23A9E0B2D83E8A8005D2D43 /* twitter-ad-blockerTests */,
				B23A9E152D83E8A8005D2D43 /* twitter-ad-blockerUITests */,
				B23A9E222D83E8A8005D2D43 /* twitter-ad-blocker Extension */,
				B23A9DEC2D83E8A7005D2D43 /* Products */,
			);
			sourceTree = "<group>";
		};
		B23A9DEC2D83E8A7005D2D43 /* Products */ = {
			isa = PBXGroup;
			children = (
				B23A9DEB2D83E8A7005D2D43 /* twitter-ad-blocker.app */,
				B23A9E082D83E8A8005D2D43 /* twitter-ad-blockerTests.xctest */,
				B23A9E122D83E8A8005D2D43 /* twitter-ad-blockerUITests.xctest */,
				B23A9E1E2D83E8A8005D2D43 /* twitter-ad-blocker Extension.appex */,
			);
			name = Products;
			sourceTree = "<group>";
		};
/* End PBXGroup section */

/* Begin PBXNativeTarget section */
		B23A9DEA2D83E8A7005D2D43 /* twitter-ad-blocker */ = {
			isa = PBXNativeTarget;
			buildConfigurationList = B23A9E3E2D83E8A8005D2D43 /* Build configuration list for PBXNativeTarget "twitter-ad-blocker" */;
			buildPhases = (
				B23A9DE72D83E8A7005D2D43 /* Sources */,
				B23A9DE82D83E8A7005D2D43 /* Frameworks */,
				B23A9DE92D83E8A7005D2D43 /* Resources */,
				B23A9E3D2D83E8A8005D2D43 /* Embed Foundation Extensions */,
			);
			buildRules = (
			);
			dependencies = (
				B23A9E212D83E8A8005D2D43 /* PBXTargetDependency */,
			);
			fileSystemSynchronizedGroups = (
				B23A9DED2D83E8A7005D2D43 /* twitter-ad-blocker */,
			);
			name = "twitter-ad-blocker";
			packageProductDependencies = (
			);
			productName = "twitter-ad-blocker";
			productReference = B23A9DEB2D83E8A7005D2D43 /* twitter-ad-blocker.app */;
			productType = "com.apple.product-type.application";
		};
		B23A9E072D83E8A8005D2D43 /* twitter-ad-blockerTests */ = {
			isa = PBXNativeTarget;
			buildConfigurationList = B23A9E432D83E8A8005D2D43 /* Build configuration list for PBXNativeTarget "twitter-ad-blockerTests" */;
			buildPhases = (
				B23A9E042D83E8A8005D2D43 /* Sources */,
				B23A9E052D83E8A8005D2D43 /* Frameworks */,
				B23A9E062D83E8A8005D2D43 /* Resources */,
			);
			buildRules = (
			);
			dependencies = (
				B23A9E0A2D83E8A8005D2D43 /* PBXTargetDependency */,
			);
			fileSystemSynchronizedGroups = (
				B23A9E0B2D83E8A8005D2D43 /* twitter-ad-blockerTests */,
			);
			name = "twitter-ad-blockerTests";
			packageProductDependencies = (
			);
			productName = "twitter-ad-blockerTests";
			productReference = B23A9E082D83E8A8005D2D43 /* twitter-ad-blockerTests.xctest */;
			productType = "com.apple.product-type.bundle.unit-test";
		};
		B23A9E112D83E8A8005D2D43 /* twitter-ad-blockerUITests */ = {
			isa = PBXNativeTarget;
			buildConfigurationList = B23A9E462D83E8A8005D2D43 /* Build configuration list for PBXNativeTarget "twitter-ad-blockerUITests" */;
			buildPhases = (
				B23A9E0E2D83E8A8005D2D43 /* Sources */,
				B23A9E0F2D83E8A8005D2D43 /* Frameworks */,
				B23A9E102D83E8A8005D2D43 /* Resources */,
			);
			buildRules = (
			);
			dependencies = (
				B23A9E142D83E8A8005D2D43 /* PBXTargetDependency */,
			);
			fileSystemSynchronizedGroups = (
				B23A9E152D83E8A8005D2D43 /* twitter-ad-blockerUITests */,
			);
			name = "twitter-ad-blockerUITests";
			packageProductDependencies = (
			);
			productName = "twitter-ad-blockerUITests";
			productReference = B23A9E122D83E8A8005D2D43 /* twitter-ad-blockerUITests.xctest */;
			productType = "com.apple.product-type.bundle.ui-testing";
		};
		B23A9E1D2D83E8A8005D2D43 /* twitter-ad-blocker Extension */ = {
			isa = PBXNativeTarget;
			buildConfigurationList = B23A9E392D83E8A8005D2D43 /* Build configuration list for PBXNativeTarget "twitter-ad-blocker Extension" */;
			buildPhases = (
				B23A9E1A2D83E8A8005D2D43 /* Sources */,
				B23A9E1B2D83E8A8005D2D43 /* Frameworks */,
				B23A9E1C2D83E8A8005D2D43 /* Resources */,
			);
			buildRules = (
			);
			dependencies = (
			);
			fileSystemSynchronizedGroups = (
				B23A9E222D83E8A8005D2D43 /* twitter-ad-blocker Extension */,
			);
			name = "twitter-ad-blocker Extension";
			packageProductDependencies = (
			);
			productName = "twitter-ad-blocker Extension";
			productReference = B23A9E1E2D83E8A8005D2D43 /* twitter-ad-blocker Extension.appex */;
			productType = "com.apple.product-type.app-extension";
		};
/* End PBXNativeTarget section */

/* Begin PBXProject section */
		B23A9DE32D83E8A7005D2D43 /* Project object */ = {
			isa = PBXProject;
			attributes = {
				BuildIndependentTargetsInParallel = 1;
				LastSwiftUpdateCheck = 1620;
				LastUpgradeCheck = 1620;
				TargetAttributes = {
					B23A9DEA2D83E8A7005D2D43 = {
						CreatedOnToolsVersion = 16.2;
					};
					B23A9E072D83E8A8005D2D43 = {
						CreatedOnToolsVersion = 16.2;
						TestTargetID = B23A9DEA2D83E8A7005D2D43;
					};
					B23A9E112D83E8A8005D2D43 = {
						CreatedOnToolsVersion = 16.2;
						TestTargetID = B23A9DEA2D83E8A7005D2D43;
					};
					B23A9E1D2D83E8A8005D2D43 = {
						CreatedOnToolsVersion = 16.2;
					};
				};
			};
			buildConfigurationList = B23A9DE62D83E8A7005D2D43 /* Build configuration list for PBXProject "twitter-ad-blocker" */;
			developmentRegion = en;
			hasScannedForEncodings = 0;
			knownRegions = (
				en,
				Base,
			);
			mainGroup = B23A9DE22D83E8A7005D2D43;
			minimizedProjectReferenceProxies = 1;
			preferredProjectObjectVersion = 77;
			productRefGroup = B23A9DEC2D83E8A7005D2D43 /* Products */;
			projectDirPath = "";
			projectRoot = "";
			targets = (
				B23A9DEA2D83E8A7005D2D43 /* twitter-ad-blocker */,
				B23A9E072D83E8A8005D2D43 /* twitter-ad-blockerTests */,
				B23A9E112D83E8A8005D2D43 /* twitter-ad-blockerUITests */,
				B23A9E1D2D83E8A8005D2D43 /* twitter-ad-blocker Extension */,
			);
		};
/* End PBXProject section */

/* Begin PBXResourcesBuildPhase section */
		B23A9DE92D83E8A7005D2D43 /* Resources */ = {
			isa = PBXResourcesBuildPhase;
			buildActionMask = 2147483647;
			files = (
			);
			runOnlyForDeploymentPostprocessing = 0;
		};
		B23A9E062D83E8A8005D2D43 /* Resources */ = {
			isa = PBXResourcesBuildPhase;
			buildActionMask = 2147483647;
			files = (
			);
			runOnlyForDeploymentPostprocessing = 0;
		};
		B23A9E102D83E8A8005D2D43 /* Resources */ = {
			isa = PBXResourcesBuildPhase;
			buildActionMask = 2147483647;
			files = (
			);
			runOnlyForDeploymentPostprocessing = 0;
		};
		B23A9E1C2D83E8A8005D2D43 /* Resources */ = {
			isa = PBXResourcesBuildPhase;
			buildActionMask = 2147483647;
			files = (
			);
			runOnlyForDeploymentPostprocessing = 0;
		};
/* End PBXResourcesBuildPhase section */

/* Begin PBXSourcesBuildPhase section */
		B23A9DE72D83E8A7005D2D43 /* Sources */ = {
			isa = PBXSourcesBuildPhase;
			buildActionMask = 2147483647;
			files = (
			);
			runOnlyForDeploymentPostprocessing = 0;
		};
		B23A9E042D83E8A8005D2D43 /* Sources */ = {
			isa = PBXSourcesBuildPhase;
			buildActionMask = 2147483647;
			files = (
			);
			runOnlyForDeploymentPostprocessing = 0;
		};
		B23A9E0E2D83E8A8005D2D43 /* Sources */ = {
			isa = PBXSourcesBuildPhase;
			buildActionMask = 2147483647;
			files = (
			);
			runOnlyForDeploymentPostprocessing = 0;
		};
		B23A9E1A2D83E8A8005D2D43 /* Sources */ = {
			isa = PBXSourcesBuildPhase;
			buildActionMask = 2147483647;
			files = (
			);
			runOnlyForDeploymentPostprocessing = 0;
		};
/* End PBXSourcesBuildPhase section */

/* Begin PBXTargetDependency section */
		B23A9E0A2D83E8A8005D2D43 /* PBXTargetDependency */ = {
			isa = PBXTargetDependency;
			target = B23A9DEA2D83E8A7005D2D43 /* twitter-ad-blocker */;
			targetProxy = B23A9E092D83E8A8005D2D43 /* PBXContainerItemProxy */;
		};
		B23A9E142D83E8A8005D2D43 /* PBXTargetDependency */ = {
			isa = PBXTargetDependency;
			target = B23A9DEA2D83E8A7005D2D43 /* twitter-ad-blocker */;
			targetProxy = B23A9E132D83E8A8005D2D43 /* PBXContainerItemProxy */;
		};
		B23A9E212D83E8A8005D2D43 /* PBXTargetDependency */ = {
			isa = PBXTargetDependency;
			target = B23A9E1D2D83E8A8005D2D43 /* twitter-ad-blocker Extension */;
			targetProxy = B23A9E202D83E8A8005D2D43 /* PBXContainerItemProxy */;
		};
/* End PBXTargetDependency section */

/* Begin XCBuildConfiguration section */
		B23A9E3A2D83E8A8005D2D43 /* Debug */ = {
			isa = XCBuildConfiguration;
			buildSettings = {
				CODE_SIGN_STYLE = Automatic;
				CURRENT_PROJECT_VERSION = 1;
				DEVELOPMENT_TEAM = 997PFU698P;
				GENERATE_INFOPLIST_FILE = YES;
				INFOPLIST_FILE = "twitter-ad-blocker Extension/Info.plist";
				INFOPLIST_KEY_CFBundleDisplayName = "twitter-ad-blocker Extension";
				INFOPLIST_KEY_NSHumanReadableCopyright = "";
				IPHONEOS_DEPLOYMENT_TARGET = 15.0;
				LD_RUNPATH_SEARCH_PATHS = (
					"$(inherited)",
					"@executable_path/Frameworks",
					"@executable_path/../../Frameworks",
				);
				MARKETING_VERSION = 1.0;
				OTHER_LDFLAGS = (
					"-framework",
					SafariServices,
				);
				PRODUCT_BUNDLE_IDENTIFIER = "ie.redstudio.twitter-ad-blocker.Extension";
				PRODUCT_NAME = "$(TARGET_NAME)";
				SKIP_INSTALL = YES;
				SWIFT_EMIT_LOC_STRINGS = YES;
				SWIFT_VERSION = 5.0;
				TARGETED_DEVICE_FAMILY = "1,2";
			};
			name = Debug;
		};
		B23A9E3B2D83E8A8005D2D43 /* Release */ = {
			isa = XCBuildConfiguration;
			buildSettings = {
				CODE_SIGN_STYLE = Automatic;
				CURRENT_PROJECT_VERSION = 1;
				DEVELOPMENT_TEAM = 997PFU698P;
				GENERATE_INFOPLIST_FILE = YES;
				INFOPLIST_FILE = "twitter-ad-blocker Extension/Info.plist";
				INFOPLIST_KEY_CFBundleDisplayName = "twitter-ad-blocker Extension";
				INFOPLIST_KEY_NSHumanReadableCopyright = "";
				IPHONEOS_DEPLOYMENT_TARGET = 15.0;
				LD_RUNPATH_SEARCH_PATHS = (
					"$(inherited)",
					"@executable_path/Frameworks",
					"@executable_path/../../Frameworks",
				);
				MARKETING_VERSION = 1.0;
				OTHER_LDFLAGS = (
					"-framework",
					SafariServices,
				);
				PRODUCT_BUNDLE_IDENTIFIER = "ie.redstudio.twitter-ad-blocker.Extension";
				PRODUCT_NAME = "$(TARGET_NAME)";
				SKIP_INSTALL = YES;
				SWIFT_EMIT_LOC_STRINGS = YES;
				SWIFT_VERSION = 5.0;
				TARGETED_DEVICE_FAMILY = "1,2";
			};
			name = Release;
		};
		B23A9E3F2D83E8A8005D2D43 /* Debug */ = {
			isa = XCBuildConfiguration;
			buildSettings = {
				ASSETCATALOG_COMPILER_APPICON_NAME = AppIcon;
				ASSETCATALOG_COMPILER_GLOBAL_ACCENT_COLOR_NAME = AccentColor;
				CODE_SIGN_STYLE = Automatic;
				CURRENT_PROJECT_VERSION = 1;
				DEVELOPMENT_TEAM = 997PFU698P;
				GENERATE_INFOPLIST_FILE = YES;
				INFOPLIST_FILE = "twitter-ad-blocker/Info.plist";
				INFOPLIST_KEY_CFBundleDisplayName = "twitter-ad-blocker";
				INFOPLIST_KEY_UIApplicationSupportsIndirectInputEvents = YES;
				INFOPLIST_KEY_UILaunchStoryboardName = LaunchScreen;
				INFOPLIST_KEY_UIMainStoryboardFile = Main;
				INFOPLIST_KEY_UISupportedInterfaceOrientations_iPad = "UIInterfaceOrientationPortrait UIInterfaceOrientationPortraitUpsideDown UIInterfaceOrientationLandscapeLeft UIInterfaceOrientationLandscapeRight";
				INFOPLIST_KEY_UISupportedInterfaceOrientations_iPhone = "UIInterfaceOrientationPortrait UIInterfaceOrientationLandscapeLeft UIInterfaceOrientationLandscapeRight";
				IPHONEOS_DEPLOYMENT_TARGET = 15.0;
				LD_RUNPATH_SEARCH_PATHS = (
					"$(inherited)",
					"@executable_path/Frameworks",
				);
				MARKETING_VERSION = 1.0;
				OTHER_LDFLAGS = (
					"-framework",
					SafariServices,
					"-framework",
					WebKit,
				);
				PRODUCT_BUNDLE_IDENTIFIER = "ie.redstudio.twitter-ad-blocker";
				PRODUCT_NAME = "$(TARGET_NAME)";
				SWIFT_EMIT_LOC_STRINGS = YES;
				SWIFT_VERSION = 5.0;
				TARGETED_DEVICE_FAMILY = "1,2";
			};
			name = Debug;
		};
		B23A9E402D83E8A8005D2D43 /* Release */ = {
			isa = XCBuildConfiguration;
			buildSettings = {
				ASSETCATALOG_COMPILER_APPICON_NAME = AppIcon;
				ASSETCATALOG_COMPILER_GLOBAL_ACCENT_COLOR_NAME = AccentColor;
				CODE_SIGN_STYLE = Automatic;
				CURRENT_PROJECT_VERSION = 1;
				DEVELOPMENT_TEAM = 997PFU698P;
				GENERATE_INFOPLIST_FILE = YES;
				INFOPLIST_FILE = "twitter-ad-blocker/Info.plist";
				INFOPLIST_KEY_CFBundleDisplayName = "twitter-ad-blocker";
				INFOPLIST_KEY_UIApplicationSupportsIndirectInputEvents = YES;
				INFOPLIST_KEY_UILaunchStoryboardName = LaunchScreen;
				INFOPLIST_KEY_UIMainStoryboardFile = Main;
				INFOPLIST_KEY_UISupportedInterfaceOrientations_iPad = "UIInterfaceOrientationPortrait UIInterfaceOrientationPortraitUpsideDown UIInterfaceOrientationLandscapeLeft UIInterfaceOrientationLandscapeRight";
				INFOPLIST_KEY_UISupportedInterfaceOrientations_iPhone = "UIInterfaceOrientationPortrait UIInterfaceOrientationLandscapeLeft UIInterfaceOrientationLandscapeRight";
				IPHONEOS_DEPLOYMENT_TARGET = 15.0;
				LD_RUNPATH_SEARCH_PATHS = (
					"$(inherited)",
					"@executable_path/Frameworks",
				);
				MARKETING_VERSION = 1.0;
				OTHER_LDFLAGS = (
					"-framework",
					SafariServices,
					"-framework",
					WebKit,
				);
				PRODUCT_BUNDLE_IDENTIFIER = "ie.redstudio.twitter-ad-blocker";
				PRODUCT_NAME = "$(TARGET_NAME)";
				SWIFT_EMIT_LOC_STRINGS = YES;
				SWIFT_VERSION = 5.0;
				TARGETED_DEVICE_FAMILY = "1,2";
			};
			name = Release;
		};
		B23A9E412D83E8A8005D2D43 /* Debug */ = {
			isa = XCBuildConfiguration;
			buildSettings = {
				ALWAYS_SEARCH_USER_PATHS = NO;
				ASSETCATALOG_COMPILER_GENERATE_SWIFT_ASSET_SYMBOL_EXTENSIONS = YES;
				CLANG_ANALYZER_NONNULL = YES;
				CLANG_ANALYZER_NUMBER_OBJECT_CONVERSION = YES_AGGRESSIVE;
				CLANG_CXX_LANGUAGE_STANDARD = "gnu++20";
				CLANG_ENABLE_MODULES = YES;
				CLANG_ENABLE_OBJC_ARC = YES;
				CLANG_ENABLE_OBJC_WEAK = YES;
				CLANG_WARN_BLOCK_CAPTURE_AUTORELEASING = YES;
				CLANG_WARN_BOOL_CONVERSION = YES;
				CLANG_WARN_COMMA = YES;
				CLANG_WARN_CONSTANT_CONVERSION = YES;
				CLANG_WARN_DEPRECATED_OBJC_IMPLEMENTATIONS = YES;
				CLANG_WARN_DIRECT_OBJC_ISA_USAGE = YES_ERROR;
				CLANG_WARN_DOCUMENTATION_COMMENTS = YES;
				CLANG_WARN_EMPTY_BODY = YES;
				CLANG_WARN_ENUM_CONVERSION = YES;
				CLANG_WARN_INFINITE_RECURSION = YES;
				CLANG_WARN_INT_CONVERSION = YES;
				CLANG_WARN_NON_LITERAL_NULL_CONVERSION = YES;
				CLANG_WARN_OBJC_IMPLICIT_RETAIN_SELF = YES;
				CLANG_WARN_OBJC_LITERAL_CONVERSION = YES;
				CLANG_WARN_OBJC_ROOT_CLASS = YES_ERROR;
				CLANG_WARN_QUOTED_INCLUDE_IN_FRAMEWORK_HEADER = YES;
				CLANG_WARN_RANGE_LOOP_ANALYSIS = YES;
				CLANG_WARN_STRICT_PROTOTYPES = YES;
				CLANG_WARN_SUSPICIOUS_MOVE = YES;
				CLANG_WARN_UNGUARDED_AVAILABILITY = YES_AGGRESSIVE;
				CLANG_WARN_UNREACHABLE_CODE = YES;
				CLANG_WARN__DUPLICATE_METHOD_MATCH = YES;
				COPY_PHASE_STRIP = NO;
				DEBUG_INFORMATION_FORMAT = dwarf;
				ENABLE_STRICT_OBJC_MSGSEND = YES;
				ENABLE_TESTABILITY = YES;
				ENABLE_USER_SCRIPT_SANDBOXING = YES;
				GCC_C_LANGUAGE_STANDARD = gnu17;
				GCC_DYNAMIC_NO_PIC = NO;
				GCC_NO_COMMON_BLOCKS = YES;
				GCC_OPTIMIZATION_LEVEL = 0;
				GCC_PREPROCESSOR_DEFINITIONS = (
					"DEBUG=1",
					"$(inherited)",
				);
				GCC_WARN_64_TO_32_BIT_CONVERSION = YES;
				GCC_WARN_ABOUT_RETURN_TYPE = YES_ERROR;
				GCC_WARN_UNDECLARED_SELECTOR = YES;
				GCC_WARN_UNINITIALIZED_AUTOS = YES_AGGRESSIVE;
				GCC_WARN_UNUSED_FUNCTION = YES;
				GCC_WARN_UNUSED_VARIABLE = YES;
				IPHONEOS_DEPLOYMENT_TARGET = 18.2;
				LOCALIZATION_PREFERS_STRING_CATALOGS = YES;
				MTL_ENABLE_DEBUG_INFO = INCLUDE_SOURCE;
				MTL_FAST_MATH = YES;
				ONLY_ACTIVE_ARCH = YES;
				SDKROOT = iphoneos;
				SWIFT_ACTIVE_COMPILATION_CONDITIONS = "DEBUG $(inherited)";
				SWIFT_OPTIMIZATION_LEVEL = "-Onone";
			};
			name = Debug;
		};
		B23A9E422D83E8A8005D2D43 /* Release */ = {
			isa = XCBuildConfiguration;
			buildSettings = {
				ALWAYS_SEARCH_USER_PATHS = NO;
				ASSETCATALOG_COMPILER_GENERATE_SWIFT_ASSET_SYMBOL_EXTENSIONS = YES;
				CLANG_ANALYZER_NONNULL = YES;
				CLANG_ANALYZER_NUMBER_OBJECT_CONVERSION = YES_AGGRESSIVE;
				CLANG_CXX_LANGUAGE_STANDARD = "gnu++20";
				CLANG_ENABLE_MODULES = YES;
				CLANG_ENABLE_OBJC_ARC = YES;
				CLANG_ENABLE_OBJC_WEAK = YES;
				CLANG_WARN_BLOCK_CAPTURE_AUTORELEASING = YES;
				CLANG_WARN_BOOL_CONVERSION = YES;
				CLANG_WARN_COMMA = YES;
				CLANG_WARN_CONSTANT_CONVERSION = YES;
				CLANG_WARN_DEPRECATED_OBJC_IMPLEMENTATIONS = YES;
				CLANG_WARN_DIRECT_OBJC_ISA_USAGE = YES_ERROR;
				CLANG_WARN_DOCUMENTATION_COMMENTS = YES;
				CLANG_WARN_EMPTY_BODY = YES;
				CLANG_WARN_ENUM_CONVERSION = YES;
				CLANG_WARN_INFINITE_RECURSION = YES;
				CLANG_WARN_INT_CONVERSION = YES;
				CLANG_WARN_NON_LITERAL_NULL_CONVERSION = YES;
				CLANG_WARN_OBJC_IMPLICIT_RETAIN_SELF = YES;
				CLANG_WARN_OBJC_LITERAL_CONVERSION = YES;
				CLANG_WARN_OBJC_ROOT_CLASS = YES_ERROR;
				CLANG_WARN_QUOTED_INCLUDE_IN_FRAMEWORK_HEADER = YES;
				CLANG_WARN_RANGE_LOOP_ANALYSIS = YES;
				CLANG_WARN_STRICT_PROTOTYPES = YES;
				CLANG_WARN_SUSPICIOUS_MOVE = YES;
				CLANG_WARN_UNGUARDED_AVAILABILITY = YES_AGGRESSIVE;
				CLANG_WARN_UNREACHABLE_CODE = YES;
				CLANG_WARN__DUPLICATE_METHOD_MATCH = YES;
				COPY_PHASE_STRIP = NO;
				DEBUG_INFORMATION_FORMAT = "dwarf-with-dsym";
				ENABLE_NS_ASSERTIONS = NO;
				ENABLE_STRICT_OBJC_MSGSEND = YES;
				ENABLE_USER_SCRIPT_SANDBOXING = YES;
				GCC_C_LANGUAGE_STANDARD = gnu17;
				GCC_NO_COMMON_BLOCKS = YES;
				GCC_WARN_64_TO_32_BIT_CONVERSION = YES;
				GCC_WARN_ABOUT_RETURN_TYPE = YES_ERROR;
				GCC_WARN_UNDECLARED_SELECTOR = YES;
				GCC_WARN_UNINITIALIZED_AUTOS = YES_AGGRESSIVE;
				GCC_WARN_UNUSED_FUNCTION = YES;
				GCC_WARN_UNUSED_VARIABLE = YES;
				IPHONEOS_DEPLOYMENT_TARGET = 18.2;
				LOCALIZATION_PREFERS_STRING_CATALOGS = YES;
				MTL_ENABLE_DEBUG_INFO = NO;
				MTL_FAST_MATH = YES;
				SDKROOT = iphoneos;
				SWIFT_COMPILATION_MODE = wholemodule;
				VALIDATE_PRODUCT = YES;
			};
			name = Release;
		};
		B23A9E442D83E8A8005D2D43 /* Debug */ = {
			isa = XCBuildConfiguration;
			buildSettings = {
				BUNDLE_LOADER = "$(TEST_HOST)";
				CODE_SIGN_STYLE = Automatic;
				CURRENT_PROJECT_VERSION = 1;
				DEVELOPMENT_TEAM = 997PFU698P;
				GENERATE_INFOPLIST_FILE = YES;
				IPHONEOS_DEPLOYMENT_TARGET = 15.0;
				MARKETING_VERSION = 1.0;
				PRODUCT_BUNDLE_IDENTIFIER = "ie.redstudio.twitter-ad-blockerTests";
				PRODUCT_NAME = "$(TARGET_NAME)";
				SWIFT_EMIT_LOC_STRINGS = NO;
				SWIFT_VERSION = 5.0;
				TARGETED_DEVICE_FAMILY = "1,2";
				TEST_HOST = "$(BUILT_PRODUCTS_DIR)/twitter-ad-blocker.app/$(BUNDLE_EXECUTABLE_FOLDER_PATH)/twitter-ad-blocker";
			};
			name = Debug;
		};
		B23A9E452D83E8A8005D2D43 /* Release */ = {
			isa = XCBuildConfiguration;
			buildSettings = {
				BUNDLE_LOADER = "$(TEST_HOST)";
				CODE_SIGN_STYLE = Automatic;
				CURRENT_PROJECT_VERSION = 1;
				DEVELOPMENT_TEAM = 997PFU698P;
				GENERATE_INFOPLIST_FILE = YES;
				IPHONEOS_DEPLOYMENT_TARGET = 15.0;
				MARKETING_VERSION = 1.0;
				PRODUCT_BUNDLE_IDENTIFIER = "ie.redstudio.twitter-ad-blockerTests";
				PRODUCT_NAME = "$(TARGET_NAME)";
				SWIFT_EMIT_LOC_STRINGS = NO;
				SWIFT_VERSION = 5.0;
				TARGETED_DEVICE_FAMILY = "1,2";
				TEST_HOST = "$(BUILT_PRODUCTS_DIR)/twitter-ad-blocker.app/$(BUNDLE_EXECUTABLE_FOLDER_PATH)/twitter-ad-blocker";
			};
			name = Release;
		};
		B23A9E472D83E8A8005D2D43 /* Debug */ = {
			isa = XCBuildConfiguration;
			buildSettings = {
				CODE_SIGN_STYLE = Automatic;
				CURRENT_PROJECT_VERSION = 1;
				DEVELOPMENT_TEAM = 997PFU698P;
				GENERATE_INFOPLIST_FILE = YES;
				MARKETING_VERSION = 1.0;
				PRODUCT_BUNDLE_IDENTIFIER = "ie.redstudio.twitter-ad-blockerUITests";
				PRODUCT_NAME = "$(TARGET_NAME)";
				SWIFT_EMIT_LOC_STRINGS = NO;
				SWIFT_VERSION = 5.0;
				TARGETED_DEVICE_FAMILY = "1,2";
				TEST_TARGET_NAME = "twitter-ad-blocker";
			};
			name = Debug;
		};
		B23A9E482D83E8A8005D2D43 /* Release */ = {
			isa = XCBuildConfiguration;
			buildSettings = {
				CODE_SIGN_STYLE = Automatic;
				CURRENT_PROJECT_VERSION = 1;
				DEVELOPMENT_TEAM = 997PFU698P;
				GENERATE_INFOPLIST_FILE = YES;
				MARKETING_VERSION = 1.0;
				PRODUCT_BUNDLE_IDENTIFIER = "ie.redstudio.twitter-ad-blockerUITests";
				PRODUCT_NAME = "$(TARGET_NAME)";
				SWIFT_EMIT_LOC_STRINGS = NO;
				SWIFT_VERSION = 5.0;
				TARGETED_DEVICE_FAMILY = "1,2";
				TEST_TARGET_NAME = "twitter-ad-blocker";
			};
			name = Release;
		};
/* End XCBuildConfiguration section */

/* Begin XCConfigurationList section */
		B23A9DE62D83E8A7005D2D43 /* Build configuration list for PBXProject "twitter-ad-blocker" */ = {
			isa = XCConfigurationList;
			buildConfigurations = (
				B23A9E412D83E8A8005D2D43 /* Debug */,
				B23A9E422D83E8A8005D2D43 /* Release */,
			);
			defaultConfigurationIsVisible = 0;
			defaultConfigurationName = Release;
		};
		B23A9E392D83E8A8005D2D43 /* Build configuration list for PBXNativeTarget "twitter-ad-blocker Extension" */ = {
			isa = XCConfigurationList;
			buildConfigurations = (
				B23A9E3A2D83E8A8005D2D43 /* Debug */,
				B23A9E3B2D83E8A8005D2D43 /* Release */,
			);
			defaultConfigurationIsVisible = 0;
			defaultConfigurationName = Release;
		};
		B23A9E3E2D83E8A8005D2D43 /* Build configuration list for PBXNativeTarget "twitter-ad-blocker" */ = {
			isa = XCConfigurationList;
			buildConfigurations = (
				B23A9E3F2D83E8A8005D2D43 /* Debug */,
				B23A9E402D83E8A8005D2D43 /* Release */,
			);
			defaultConfigurationIsVisible = 0;
			defaultConfigurationName = Release;
		};
		B23A9E432D83E8A8005D2D43 /* Build configuration list for PBXNativeTarget "twitter-ad-blockerTests" */ = {
			isa = XCConfigurationList;
			buildConfigurations = (
				B23A9E442D83E8A8005D2D43 /* Debug */,
				B23A9E452D83E8A8005D2D43 /* Release */,
			);
			defaultConfigurationIsVisible = 0;
			defaultConfigurationName = Release;
		};
		B23A9E462D83E8A8005D2D43 /* Build configuration list for PBXNativeTarget "twitter-ad-blockerUITests" */ = {
			isa = XCConfigurationList;
			buildConfigurations = (
				B23A9E472D83E8A8005D2D43 /* Debug */,
				B23A9E482D83E8A8005D2D43 /* Release */,
			);
			defaultConfigurationIsVisible = 0;
			defaultConfigurationName = Release;
		};
/* End XCConfigurationList section */
	};
	rootObject = B23A9DE32D83E8A7005D2D43 /* Project object */;
}
